
Microsoft Visual Studio Solution File, Format Version 12.00
# Visual Studio 15
VisualStudioVersion = 15.0.27703.2000
MinimumVisualStudioVersion = 10.0.40219.1
Project("{9A19103F-16F7-4668-BE54-9A1E7A4F7556}") = "Survey", "Survey\Survey.csproj", "{76801923-1C62-41C0-BC66-5250138621E1}"
EndProject
Project("{9A19103F-16F7-4668-BE54-9A1E7A4F7556}") = "Survey.Data", "Survey.Data\Survey.Data.csproj", "{FF4CF95B-7329-482E-80F4-D6E6E3E3880E}"
EndProject
Project("{9A19103F-16F7-4668-BE54-9A1E7A4F7556}") = "Survey.Domain", "Survey.Domain\Survey.Domain.csproj", "{AC24B984-5FB1-439C-9517-98EBDE98284B}"
EndProject
Global
	GlobalSection(SolutionConfigurationPlatforms) = preSolution
		Debug|Any CPU = Debug|Any CPU
		Release|Any CPU = Release|Any CPU
	EndGlobalSection
	GlobalSection(ProjectConfigurationPlatforms) = postSolution
		{76801923-1C62-41C0-BC66-5250138621E1}.Debug|Any CPU.ActiveCfg = Debug|Any CPU
		{76801923-1C62-41C0-BC66-5250138621E1}.Debug|Any CPU.Build.0 = Debug|Any CPU
		{76801923-1C62-41C0-BC66-5250138621E1}.Release|Any CPU.ActiveCfg = Release|Any CPU
		{76801923-1C62-41C0-BC66-5250138621E1}.Release|Any CPU.Build.0 = Release|Any CPU
		{FF4CF95B-7329-482E-80F4-D6E6E3E3880E}.Debug|Any CPU.ActiveCfg = Debug|Any CPU
		{FF4CF95B-7329-482E-80F4-D6E6E3E3880E}.Debug|Any CPU.Build.0 = Debug|Any CPU
		{FF4CF95B-7329-482E-80F4-D6E6E3E3880E}.Release|Any CPU.ActiveCfg = Release|Any CPU
		{FF4CF95B-7329-482E-80F4-D6E6E3E3880E}.Release|Any CPU.Build.0 = Release|Any CPU
		{AC24B984-5FB1-439C-9517-98EBDE98284B}.Debug|Any CPU.ActiveCfg = Debug|Any CPU
		{AC24B984-5FB1-439C-9517-98EBDE98284B}.Debug|Any CPU.Build.0 = Debug|Any CPU
		{AC24B984-5FB1-439C-9517-98EBDE98284B}.Release|Any CPU.ActiveCfg = Release|Any CPU
		{AC24B984-5FB1-439C-9517-98EBDE98284B}.Release|Any CPU.Build.0 = Release|Any CPU
	EndGlobalSection
	GlobalSection(SolutionProperties) = preSolution
		HideSolutionNode = FALSE
	EndGlobalSection
	GlobalSection(ExtensibilityGlobals) = postSolution
		SolutionGuid = {C65FAFA9-20E7-46F5-A1B3-1AE879EB9B93}
	EndGlobalSection
EndGlobal
